PODS:
  - Alamofire (4.9.1)
  - AnimatedCollectionViewLayout (1.0.1)
  - BTNavigationDropdownMenu (0.5)
  - DeckTransition (2.2.0)
  - Floaty (4.2.0)
  - FontAwesome.swift (1.8.2)
  - RxCocoa (5.0.1):
    - RxRelay (~> 5)
    - RxSwift (~> 5)
  - RxRelay (5.0.1):
    - RxSwift (~> 5)
  - RxSwift (5.0.1)
  - SwiftyJSON (5.0.0)
  - Toast-Swift (4.0.1)

DEPENDENCIES:
  - Alamofire
  - AnimatedCollectionViewLayout
  - BTNavigationDropdownMenu
  - DeckTransition (~> 2.0)
  - Floaty
  - FontAwesome.swift
  - RxCocoa
  - RxSwift
  - SwiftyJSON
  - Toast-Swift (~> 4.0.0)

SPEC REPOS:
  trunk:
    - Alamofire
    - AnimatedCollectionViewLayout
    - BTNavigationDropdownMenu
    - DeckTransition
    - Floaty
    - FontAwesome.swift
    - RxCocoa
    - RxRelay
    - RxSwift
    - SwiftyJSON
    - Toast-Swift

SPEC CHECKSUMS:
  Alamofire: 85e8a02c69d6020a0d734f6054870d7ecb75cf18
  AnimatedCollectionViewLayout: 00f0997fd26f0fd02d8b99765023b95570b5d826
  BTNavigationDropdownMenu: ba3a26fdb6a56c4721c31df8a0875106c259663a
  DeckTransition: c705e1f6bf8d63a3515a91d8a41be7038005bf35
  Floaty: e2bd5a0f6f7f70899e26ff2da31081c8bee8d1b0
  FontAwesome.swift: 7938d6a03113ff3f39001bde7f50be8a0903d605
  RxCocoa: e741b9749968e8a143e2b787f1dfbff2b63d0a5c
  RxRelay: 89d54507f4fd4d969e6ec1d4bd7f3673640b4640
  RxSwift: e2dc62b366a3adf6a0be44ba9f405efd4c94e0c4
  SwiftyJSON: 36413e04c44ee145039d332b4f4e2d3e8d6c4db7
  Toast-Swift: e42a638589a2f95036b4bb7626cfbdde7daf0393

PODFILE CHECKSUM: 898672a6763cece47b397f784ba36a39a2ab9092

COCOAPODS: 1.8.4
