PODS:
  - Alamofire (5.5.0)
  - AnimatedCollectionViewLayout (1.1.0)
  - BTNavigationDropdownMenu (0.7)
  - DeckTransition (2.2.0)
  - Floaty (4.2.0)
  - FontAwesome.swift (1.9.1)
  - RxCocoa (6.5.0):
    - RxRelay (= 6.5.0)
    - RxSwift (= 6.5.0)
  - RxRelay (6.5.0):
    - RxSwift (= 6.5.0)
  - RxSwift (6.5.0)
  - SwiftyJSON (5.0.1)
  - Toast-Swift (4.0.1)

DEPENDENCIES:
  - Alamofire
  - AnimatedCollectionViewLayout
  - BTNavigationDropdownMenu
  - DeckTransition (~> 2.0)
  - Floaty
  - FontAwesome.swift
  - RxCocoa
  - RxSwift
  - SwiftyJSON
  - Toast-Swift (~> 4.0.0)

SPEC REPOS:
  trunk:
    - Alamofire
    - AnimatedCollectionViewLayout
    - BTNavigationDropdownMenu
    - DeckTransition
    - Floaty
    - FontAwesome.swift
    - RxCocoa
    - RxRelay
    - RxSwift
    - SwiftyJSON
    - Toast-Swift

SPEC CHECKSUMS:
  Alamofire: 1c4fb5369c3fe93d2857c780d8bbe09f06f97e7c
  AnimatedCollectionViewLayout: 0c1a38c4be115c525c887be183fc91ef65737c5d
  BTNavigationDropdownMenu: 57a72c74dc211db3564f5be168f4f7643491a7de
  DeckTransition: c705e1f6bf8d63a3515a91d8a41be7038005bf35
  Floaty: e2bd5a0f6f7f70899e26ff2da31081c8bee8d1b0
  FontAwesome.swift: 6b52cb7be66eacd28cbfaa0ca7ffd0de4a186a1d
  RxCocoa: 94f817b71c07517321eb4f9ad299112ca8af743b
  RxRelay: 1de1523e604c72b6c68feadedd1af3b1b4d0ecbd
  RxSwift: 5710a9e6b17f3c3d6e40d6e559b9fa1e813b2ef8
  SwiftyJSON: 2f33a42c6fbc52764d96f13368585094bfd8aa5e
  Toast-Swift: e42a638589a2f95036b4bb7626cfbdde7daf0393

PODFILE CHECKSUM: ee2a92a7d105e5c53387bee384d9061ccd47c619

COCOAPODS: 1.10.1
