// !$*UTF8*$!
{
	archiveVersion = 1;
	classes = {
	};
	objectVersion = 50;
	objects = {

/* Begin PBXBuildFile section */
		DC4D018F07571565405C049B /* Pods_RxSwiftUIExample.framework in Frameworks */ = {isa = PBXBuildFile; fileRef = 7E4D97BD306639C8B22BEC5D /* Pods_RxSwiftUIExample.framework */; };
		DE2553B821AADA1A00D9A3C7 /* AppDelegate.swift in Sources */ = {isa = PBXBuildFile; fileRef = DE2553B721AADA1A00D9A3C7 /* AppDelegate.swift */; };
		DE2553BA21AADA1A00D9A3C7 /* ViewController.swift in Sources */ = {isa = PBXBuildFile; fileRef = DE2553B921AADA1A00D9A3C7 /* ViewController.swift */; };
		DE2553BD21AADA1A00D9A3C7 /* Main.storyboard in Resources */ = {isa = PBXBuildFile; fileRef = DE2553BB21AADA1A00D9A3C7 /* Main.storyboard */; };
		DE2553BF21AADA1E00D9A3C7 /* Assets.xcassets in Resources */ = {isa = PBXBuildFile; fileRef = DE2553BE21AADA1E00D9A3C7 /* Assets.xcassets */; };
		DE2553C221AADA1E00D9A3C7 /* LaunchScreen.storyboard in Resources */ = {isa = PBXBuildFile; fileRef = DE2553C021AADA1E00D9A3C7 /* LaunchScreen.storyboard */; };
		DE2553CD21AADA1E00D9A3C7 /* RxSwiftUIExampleTests.swift in Sources */ = {isa = PBXBuildFile; fileRef = DE2553CC21AADA1E00D9A3C7 /* RxSwiftUIExampleTests.swift */; };
		DE2553D821AADA1E00D9A3C7 /* RxSwiftUIExampleUITests.swift in Sources */ = {isa = PBXBuildFile; fileRef = DE2553D721AADA1E00D9A3C7 /* RxSwiftUIExampleUITests.swift */; };
/* End PBXBuildFile section */

/* Begin PBXContainerItemProxy section */
		DE2553C921AADA1E00D9A3C7 /* PBXContainerItemProxy */ = {
			isa = PBXContainerItemProxy;
			containerPortal = DE2553AC21AADA1A00D9A3C7 /* Project object */;
			proxyType = 1;
			remoteGlobalIDString = DE2553B321AADA1A00D9A3C7;
			remoteInfo = RxSwiftUIExample;
		};
		DE2553D421AADA1E00D9A3C7 /* PBXContainerItemProxy */ = {
			isa = PBXContainerItemProxy;
			containerPortal = DE2553AC21AADA1A00D9A3C7 /* Project object */;
			proxyType = 1;
			remoteGlobalIDString = DE2553B321AADA1A00D9A3C7;
			remoteInfo = RxSwiftUIExample;
		};
/* End PBXContainerItemProxy section */

/* Begin PBXFileReference section */
		42436920B6730741EAACCE15 /* Pods-RxSwiftUIExample.debug.xcconfig */ = {isa = PBXFileReference; includeInIndex = 1; lastKnownFileType = text.xcconfig; name = "Pods-RxSwiftUIExample.debug.xcconfig"; path = "Pods/Target Support Files/Pods-RxSwiftUIExample/Pods-RxSwiftUIExample.debug.xcconfig"; sourceTree = "<group>"; };
		7E4D97BD306639C8B22BEC5D /* Pods_RxSwiftUIExample.framework */ = {isa = PBXFileReference; explicitFileType = wrapper.framework; includeInIndex = 0; path = Pods_RxSwiftUIExample.framework; sourceTree = BUILT_PRODUCTS_DIR; };
		95C0A0936A8DBAD9CA43F14C /* Pods-RxSwiftUIExample.release.xcconfig */ = {isa = PBXFileReference; includeInIndex = 1; lastKnownFileType = text.xcconfig; name = "Pods-RxSwiftUIExample.release.xcconfig"; path = "Pods/Target Support Files/Pods-RxSwiftUIExample/Pods-RxSwiftUIExample.release.xcconfig"; sourceTree = "<group>"; };
		DE2553B421AADA1A00D9A3C7 /* RxSwiftUIExample.app */ = {isa = PBXFileReference; explicitFileType = wrapper.application; includeInIndex = 0; path = RxSwiftUIExample.app; sourceTree = BUILT_PRODUCTS_DIR; };
		DE2553B721AADA1A00D9A3C7 /* AppDelegate.swift */ = {isa = PBXFileReference; lastKnownFileType = sourcecode.swift; path = AppDelegate.swift; sourceTree = "<group>"; };
		DE2553B921AADA1A00D9A3C7 /* ViewController.swift */ = {isa = PBXFileReference; lastKnownFileType = sourcecode.swift; path = ViewController.swift; sourceTree = "<group>"; };
		DE2553BC21AADA1A00D9A3C7 /* Base */ = {isa = PBXFileReference; lastKnownFileType = file.storyboard; name = Base; path = Base.lproj/Main.storyboard; sourceTree = "<group>"; };
		DE2553BE21AADA1E00D9A3C7 /* Assets.xcassets */ = {isa = PBXFileReference; lastKnownFileType = folder.assetcatalog; path = Assets.xcassets; sourceTree = "<group>"; };
		DE2553C121AADA1E00D9A3C7 /* Base */ = {isa = PBXFileReference; lastKnownFileType = file.storyboard; name = Base; path = Base.lproj/LaunchScreen.storyboard; sourceTree = "<group>"; };
		DE2553C321AADA1E00D9A3C7 /* Info.plist */ = {isa = PBXFileReference; lastKnownFileType = text.plist.xml; path = Info.plist; sourceTree = "<group>"; };
		DE2553C821AADA1E00D9A3C7 /* RxSwiftUIExampleTests.xctest */ = {isa = PBXFileReference; explicitFileType = wrapper.cfbundle; includeInIndex = 0; path = RxSwiftUIExampleTests.xctest; sourceTree = BUILT_PRODUCTS_DIR; };
		DE2553CC21AADA1E00D9A3C7 /* RxSwiftUIExampleTests.swift */ = {isa = PBXFileReference; lastKnownFileType = sourcecode.swift; path = RxSwiftUIExampleTests.swift; sourceTree = "<group>"; };
		DE2553CE21AADA1E00D9A3C7 /* Info.plist */ = {isa = PBXFileReference; lastKnownFileType = text.plist.xml; path = Info.plist; sourceTree = "<group>"; };
		DE2553D321AADA1E00D9A3C7 /* RxSwiftUIExampleUITests.xctest */ = {isa = PBXFileReference; explicitFileType = wrapper.cfbundle; includeInIndex = 0; path = RxSwiftUIExampleUITests.xctest; sourceTree = BUILT_PRODUCTS_DIR; };
		DE2553D721AADA1E00D9A3C7 /* RxSwiftUIExampleUITests.swift */ = {isa = PBXFileReference; lastKnownFileType = sourcecode.swift; path = RxSwiftUIExampleUITests.swift; sourceTree = "<group>"; };
		DE2553D921AADA1E00D9A3C7 /* Info.plist */ = {isa = PBXFileReference; lastKnownFileType = text.plist.xml; path = Info.plist; sourceTree = "<group>"; };
/* End PBXFileReference section */

/* Begin PBXFrameworksBuildPhase section */
		DE2553B121AADA1A00D9A3C7 /* Frameworks */ = {
			isa = PBXFrameworksBuildPhase;
			buildActionMask = 2147483647;
			files = (
				DC4D018F07571565405C049B /* Pods_RxSwiftUIExample.framework in Frameworks */,
			);
			runOnlyForDeploymentPostprocessing = 0;
		};
		DE2553C521AADA1E00D9A3C7 /* Frameworks */ = {
			isa = PBXFrameworksBuildPhase;
			buildActionMask = 2147483647;
			files = (
			);
			runOnlyForDeploymentPostprocessing = 0;
		};
		DE2553D021AADA1E00D9A3C7 /* Frameworks */ = {
			isa = PBXFrameworksBuildPhase;
			buildActionMask = 2147483647;
			files = (
			);
			runOnlyForDeploymentPostprocessing = 0;
		};
/* End PBXFrameworksBuildPhase section */

/* Begin PBXGroup section */
		3CEAD800C6F969B8D53C95CF /* Pods */ = {
			isa = PBXGroup;
			children = (
				42436920B6730741EAACCE15 /* Pods-RxSwiftUIExample.debug.xcconfig */,
				95C0A0936A8DBAD9CA43F14C /* Pods-RxSwiftUIExample.release.xcconfig */,
			);
			name = Pods;
			sourceTree = "<group>";
		};
		8712B79CB3AA2121980ADDC6 /* Frameworks */ = {
			isa = PBXGroup;
			children = (
				7E4D97BD306639C8B22BEC5D /* Pods_RxSwiftUIExample.framework */,
			);
			name = Frameworks;
			sourceTree = "<group>";
		};
		DE2553AB21AADA1A00D9A3C7 = {
			isa = PBXGroup;
			children = (
				DE2553B621AADA1A00D9A3C7 /* RxSwiftUIExample */,
				DE2553CB21AADA1E00D9A3C7 /* RxSwiftUIExampleTests */,
				DE2553D621AADA1E00D9A3C7 /* RxSwiftUIExampleUITests */,
				DE2553B521AADA1A00D9A3C7 /* Products */,
				3CEAD800C6F969B8D53C95CF /* Pods */,
				8712B79CB3AA2121980ADDC6 /* Frameworks */,
			);
			sourceTree = "<group>";
		};
		DE2553B521AADA1A00D9A3C7 /* Products */ = {
			isa = PBXGroup;
			children = (
				DE2553B421AADA1A00D9A3C7 /* RxSwiftUIExample.app */,
				DE2553C821AADA1E00D9A3C7 /* RxSwiftUIExampleTests.xctest */,
				DE2553D321AADA1E00D9A3C7 /* RxSwiftUIExampleUITests.xctest */,
			);
			name = Products;
			sourceTree = "<group>";
		};
		DE2553B621AADA1A00D9A3C7 /* RxSwiftUIExample */ = {
			isa = PBXGroup;
			children = (
				DE2553B721AADA1A00D9A3C7 /* AppDelegate.swift */,
				DE2553B921AADA1A00D9A3C7 /* ViewController.swift */,
				DE2553BB21AADA1A00D9A3C7 /* Main.storyboard */,
				DE2553BE21AADA1E00D9A3C7 /* Assets.xcassets */,
				DE2553C021AADA1E00D9A3C7 /* LaunchScreen.storyboard */,
				DE2553C321AADA1E00D9A3C7 /* Info.plist */,
			);
			path = RxSwiftUIExample;
			sourceTree = "<group>";
		};
		DE2553CB21AADA1E00D9A3C7 /* RxSwiftUIExampleTests */ = {
			isa = PBXGroup;
			children = (
				DE2553CC21AADA1E00D9A3C7 /* RxSwiftUIExampleTests.swift */,
				DE2553CE21AADA1E00D9A3C7 /* Info.plist */,
			);
			path = RxSwiftUIExampleTests;
			sourceTree = "<group>";
		};
		DE2553D621AADA1E00D9A3C7 /* RxSwiftUIExampleUITests */ = {
			isa = PBXGroup;
			children = (
				DE2553D721AADA1E00D9A3C7 /* RxSwiftUIExampleUITests.swift */,
				DE2553D921AADA1E00D9A3C7 /* Info.plist */,
			);
			path = RxSwiftUIExampleUITests;
			sourceTree = "<group>";
		};
/* End PBXGroup section */

/* Begin PBXNativeTarget section */
		DE2553B321AADA1A00D9A3C7 /* RxSwiftUIExample */ = {
			isa = PBXNativeTarget;
			buildConfigurationList = DE2553DC21AADA1E00D9A3C7 /* Build configuration list for PBXNativeTarget "RxSwiftUIExample" */;
			buildPhases = (
				170E07BEC6F042474F87F470 /* [CP] Check Pods Manifest.lock */,
				DE2553B021AADA1A00D9A3C7 /* Sources */,
				DE2553B121AADA1A00D9A3C7 /* Frameworks */,
				DE2553B221AADA1A00D9A3C7 /* Resources */,
				D2236DC0948875EDE487A362 /* [CP] Embed Pods Frameworks */,
			);
			buildRules = (
			);
			dependencies = (
			);
			name = RxSwiftUIExample;
			productName = RxSwiftUIExample;
			productReference = DE2553B421AADA1A00D9A3C7 /* RxSwiftUIExample.app */;
			productType = "com.apple.product-type.application";
		};
		DE2553C721AADA1E00D9A3C7 /* RxSwiftUIExampleTests */ = {
			isa = PBXNativeTarget;
			buildConfigurationList = DE2553DF21AADA1E00D9A3C7 /* Build configuration list for PBXNativeTarget "RxSwiftUIExampleTests" */;
			buildPhases = (
				DE2553C421AADA1E00D9A3C7 /* Sources */,
				DE2553C521AADA1E00D9A3C7 /* Frameworks */,
				DE2553C621AADA1E00D9A3C7 /* Resources */,
			);
			buildRules = (
			);
			dependencies = (
				DE2553CA21AADA1E00D9A3C7 /* PBXTargetDependency */,
			);
			name = RxSwiftUIExampleTests;
			productName = RxSwiftUIExampleTests;
			productReference = DE2553C821AADA1E00D9A3C7 /* RxSwiftUIExampleTests.xctest */;
			productType = "com.apple.product-type.bundle.unit-test";
		};
		DE2553D221AADA1E00D9A3C7 /* RxSwiftUIExampleUITests */ = {
			isa = PBXNativeTarget;
			buildConfigurationList = DE2553E221AADA1E00D9A3C7 /* Build configuration list for PBXNativeTarget "RxSwiftUIExampleUITests" */;
			buildPhases = (
				DE2553CF21AADA1E00D9A3C7 /* Sources */,
				DE2553D021AADA1E00D9A3C7 /* Frameworks */,
				DE2553D121AADA1E00D9A3C7 /* Resources */,
			);
			buildRules = (
			);
			dependencies = (
				DE2553D521AADA1E00D9A3C7 /* PBXTargetDependency */,
			);
			name = RxSwiftUIExampleUITests;
			productName = RxSwiftUIExampleUITests;
			productReference = DE2553D321AADA1E00D9A3C7 /* RxSwiftUIExampleUITests.xctest */;
			productType = "com.apple.product-type.bundle.ui-testing";
		};
/* End PBXNativeTarget section */

/* Begin PBXProject section */
		DE2553AC21AADA1A00D9A3C7 /* Project object */ = {
			isa = PBXProject;
			attributes = {
				LastSwiftUpdateCheck = 1010;
				LastUpgradeCheck = 1010;
				ORGANIZATIONNAME = "酒井文也";
				TargetAttributes = {
					DE2553B321AADA1A00D9A3C7 = {
						CreatedOnToolsVersion = 10.1;
					};
					DE2553C721AADA1E00D9A3C7 = {
						CreatedOnToolsVersion = 10.1;
						TestTargetID = DE2553B321AADA1A00D9A3C7;
					};
					DE2553D221AADA1E00D9A3C7 = {
						CreatedOnToolsVersion = 10.1;
						TestTargetID = DE2553B321AADA1A00D9A3C7;
					};
				};
			};
			buildConfigurationList = DE2553AF21AADA1A00D9A3C7 /* Build configuration list for PBXProject "RxSwiftUIExample" */;
			compatibilityVersion = "Xcode 9.3";
			developmentRegion = en;
			hasScannedForEncodings = 0;
			knownRegions = (
				en,
				Base,
			);
			mainGroup = DE2553AB21AADA1A00D9A3C7;
			productRefGroup = DE2553B521AADA1A00D9A3C7 /* Products */;
			projectDirPath = "";
			projectRoot = "";
			targets = (
				DE2553B321AADA1A00D9A3C7 /* RxSwiftUIExample */,
				DE2553C721AADA1E00D9A3C7 /* RxSwiftUIExampleTests */,
				DE2553D221AADA1E00D9A3C7 /* RxSwiftUIExampleUITests */,
			);
		};
/* End PBXProject section */

/* Begin PBXResourcesBuildPhase section */
		DE2553B221AADA1A00D9A3C7 /* Resources */ = {
			isa = PBXResourcesBuildPhase;
			buildActionMask = 2147483647;
			files = (
				DE2553C221AADA1E00D9A3C7 /* LaunchScreen.storyboard in Resources */,
				DE2553BF21AADA1E00D9A3C7 /* Assets.xcassets in Resources */,
				DE2553BD21AADA1A00D9A3C7 /* Main.storyboard in Resources */,
			);
			runOnlyForDeploymentPostprocessing = 0;
		};
		DE2553C621AADA1E00D9A3C7 /* Resources */ = {
			isa = PBXResourcesBuildPhase;
			buildActionMask = 2147483647;
			files = (
			);
			runOnlyForDeploymentPostprocessing = 0;
		};
		DE2553D121AADA1E00D9A3C7 /* Resources */ = {
			isa = PBXResourcesBuildPhase;
			buildActionMask = 2147483647;
			files = (
			);
			runOnlyForDeploymentPostprocessing = 0;
		};
/* End PBXResourcesBuildPhase section */

/* Begin PBXShellScriptBuildPhase section */
		170E07BEC6F042474F87F470 /* [CP] Check Pods Manifest.lock */ = {
			isa = PBXShellScriptBuildPhase;
			buildActionMask = 2147483647;
			files = (
			);
			inputPaths = (
				"${PODS_PODFILE_DIR_PATH}/Podfile.lock",
				"${PODS_ROOT}/Manifest.lock",
			);
			name = "[CP] Check Pods Manifest.lock";
			outputPaths = (
				"$(DERIVED_FILE_DIR)/Pods-RxSwiftUIExample-checkManifestLockResult.txt",
			);
			runOnlyForDeploymentPostprocessing = 0;
			shellPath = /bin/sh;
			shellScript = "diff \"${PODS_PODFILE_DIR_PATH}/Podfile.lock\" \"${PODS_ROOT}/Manifest.lock\" > /dev/null\nif [ $? != 0 ] ; then\n    # print error to STDERR\n    echo \"error: The sandbox is not in sync with the Podfile.lock. Run 'pod install' or update your CocoaPods installation.\" >&2\n    exit 1\nfi\n# This output is used by Xcode 'outputs' to avoid re-running this script phase.\necho \"SUCCESS\" > \"${SCRIPT_OUTPUT_FILE_0}\"\n";
			showEnvVarsInLog = 0;
		};
		D2236DC0948875EDE487A362 /* [CP] Embed Pods Frameworks */ = {
			isa = PBXShellScriptBuildPhase;
			buildActionMask = 2147483647;
			files = (
			);
			inputPaths = (
				"${SRCROOT}/Pods/Target Support Files/Pods-RxSwiftUIExample/Pods-RxSwiftUIExample-frameworks.sh",
				"${BUILT_PRODUCTS_DIR}/AnimatedCollectionViewLayout/AnimatedCollectionViewLayout.framework",
				"${BUILT_PRODUCTS_DIR}/DeckTransition/DeckTransition.framework",
				"${BUILT_PRODUCTS_DIR}/FontAwesome.swift/FontAwesome_swift.framework",
				"${BUILT_PRODUCTS_DIR}/Nuke/Nuke.framework",
				"${BUILT_PRODUCTS_DIR}/RxAtomic/RxAtomic.framework",
				"${BUILT_PRODUCTS_DIR}/RxSwift/RxSwift.framework",
				"${BUILT_PRODUCTS_DIR}/SwiftyJSON/SwiftyJSON.framework",
			);
			name = "[CP] Embed Pods Frameworks";
			outputPaths = (
				"${TARGET_BUILD_DIR}/${FRAMEWORKS_FOLDER_PATH}/AnimatedCollectionViewLayout.framework",
				"${TARGET_BUILD_DIR}/${FRAMEWORKS_FOLDER_PATH}/DeckTransition.framework",
				"${TARGET_BUILD_DIR}/${FRAMEWORKS_FOLDER_PATH}/FontAwesome_swift.framework",
				"${TARGET_BUILD_DIR}/${FRAMEWORKS_FOLDER_PATH}/Nuke.framework",
				"${TARGET_BUILD_DIR}/${FRAMEWORKS_FOLDER_PATH}/RxAtomic.framework",
				"${TARGET_BUILD_DIR}/${FRAMEWORKS_FOLDER_PATH}/RxSwift.framework",
				"${TARGET_BUILD_DIR}/${FRAMEWORKS_FOLDER_PATH}/SwiftyJSON.framework",
			);
			runOnlyForDeploymentPostprocessing = 0;
			shellPath = /bin/sh;
			shellScript = "\"${SRCROOT}/Pods/Target Support Files/Pods-RxSwiftUIExample/Pods-RxSwiftUIExample-frameworks.sh\"\n";
			showEnvVarsInLog = 0;
		};
/* End PBXShellScriptBuildPhase section */

/* Begin PBXSourcesBuildPhase section */
		DE2553B021AADA1A00D9A3C7 /* Sources */ = {
			isa = PBXSourcesBuildPhase;
			buildActionMask = 2147483647;
			files = (
				DE2553BA21AADA1A00D9A3C7 /* ViewController.swift in Sources */,
				DE2553B821AADA1A00D9A3C7 /* AppDelegate.swift in Sources */,
			);
			runOnlyForDeploymentPostprocessing = 0;
		};
		DE2553C421AADA1E00D9A3C7 /* Sources */ = {
			isa = PBXSourcesBuildPhase;
			buildActionMask = 2147483647;
			files = (
				DE2553CD21AADA1E00D9A3C7 /* RxSwiftUIExampleTests.swift in Sources */,
			);
			runOnlyForDeploymentPostprocessing = 0;
		};
		DE2553CF21AADA1E00D9A3C7 /* Sources */ = {
			isa = PBXSourcesBuildPhase;
			buildActionMask = 2147483647;
			files = (
				DE2553D821AADA1E00D9A3C7 /* RxSwiftUIExampleUITests.swift in Sources */,
			);
			runOnlyForDeploymentPostprocessing = 0;
		};
/* End PBXSourcesBuildPhase section */

/* Begin PBXTargetDependency section */
		DE2553CA21AADA1E00D9A3C7 /* PBXTargetDependency */ = {
			isa = PBXTargetDependency;
			target = DE2553B321AADA1A00D9A3C7 /* RxSwiftUIExample */;
			targetProxy = DE2553C921AADA1E00D9A3C7 /* PBXContainerItemProxy */;
		};
		DE2553D521AADA1E00D9A3C7 /* PBXTargetDependency */ = {
			isa = PBXTargetDependency;
			target = DE2553B321AADA1A00D9A3C7 /* RxSwiftUIExample */;
			targetProxy = DE2553D421AADA1E00D9A3C7 /* PBXContainerItemProxy */;
		};
/* End PBXTargetDependency section */

/* Begin PBXVariantGroup section */
		DE2553BB21AADA1A00D9A3C7 /* Main.storyboard */ = {
			isa = PBXVariantGroup;
			children = (
				DE2553BC21AADA1A00D9A3C7 /* Base */,
			);
			name = Main.storyboard;
			sourceTree = "<group>";
		};
		DE2553C021AADA1E00D9A3C7 /* LaunchScreen.storyboard */ = {
			isa = PBXVariantGroup;
			children = (
				DE2553C121AADA1E00D9A3C7 /* Base */,
			);
			name = LaunchScreen.storyboard;
			sourceTree = "<group>";
		};
/* End PBXVariantGroup section */

/* Begin XCBuildConfiguration section */
		DE2553DA21AADA1E00D9A3C7 /* Debug */ = {
			isa = XCBuildConfiguration;
			buildSettings = {
				ALWAYS_SEARCH_USER_PATHS = NO;
				CLANG_ANALYZER_NONNULL = YES;
				CLANG_ANALYZER_NUMBER_OBJECT_CONVERSION = YES_AGGRESSIVE;
				CLANG_CXX_LANGUAGE_STANDARD = "gnu++14";
				CLANG_CXX_LIBRARY = "libc++";
				CLANG_ENABLE_MODULES = YES;
				CLANG_ENABLE_OBJC_ARC = YES;
				CLANG_ENABLE_OBJC_WEAK = YES;
				CLANG_WARN_BLOCK_CAPTURE_AUTORELEASING = YES;
				CLANG_WARN_BOOL_CONVERSION = YES;
				CLANG_WARN_COMMA = YES;
				CLANG_WARN_CONSTANT_CONVERSION = YES;
				CLANG_WARN_DEPRECATED_OBJC_IMPLEMENTATIONS = YES;
				CLANG_WARN_DIRECT_OBJC_ISA_USAGE = YES_ERROR;
				CLANG_WARN_DOCUMENTATION_COMMENTS = YES;
				CLANG_WARN_EMPTY_BODY = YES;
				CLANG_WARN_ENUM_CONVERSION = YES;
				CLANG_WARN_INFINITE_RECURSION = YES;
				CLANG_WARN_INT_CONVERSION = YES;
				CLANG_WARN_NON_LITERAL_NULL_CONVERSION = YES;
				CLANG_WARN_OBJC_IMPLICIT_RETAIN_SELF = YES;
				CLANG_WARN_OBJC_LITERAL_CONVERSION = YES;
				CLANG_WARN_OBJC_ROOT_CLASS = YES_ERROR;
				CLANG_WARN_RANGE_LOOP_ANALYSIS = YES;
				CLANG_WARN_STRICT_PROTOTYPES = YES;
				CLANG_WARN_SUSPICIOUS_MOVE = YES;
				CLANG_WARN_UNGUARDED_AVAILABILITY = YES_AGGRESSIVE;
				CLANG_WARN_UNREACHABLE_CODE = YES;
				CLANG_WARN__DUPLICATE_METHOD_MATCH = YES;
				CODE_SIGN_IDENTITY = "iPhone Developer";
				COPY_PHASE_STRIP = NO;
				DEBUG_INFORMATION_FORMAT = dwarf;
				ENABLE_STRICT_OBJC_MSGSEND = YES;
				ENABLE_TESTABILITY = YES;
				GCC_C_LANGUAGE_STANDARD = gnu11;
				GCC_DYNAMIC_NO_PIC = NO;
				GCC_NO_COMMON_BLOCKS = YES;
				GCC_OPTIMIZATION_LEVEL = 0;
				GCC_PREPROCESSOR_DEFINITIONS = (
					"DEBUG=1",
					"$(inherited)",
				);
				GCC_WARN_64_TO_32_BIT_CONVERSION = YES;
				GCC_WARN_ABOUT_RETURN_TYPE = YES_ERROR;
				GCC_WARN_UNDECLARED_SELECTOR = YES;
				GCC_WARN_UNINITIALIZED_AUTOS = YES_AGGRESSIVE;
				GCC_WARN_UNUSED_FUNCTION = YES;
				GCC_WARN_UNUSED_VARIABLE = YES;
				IPHONEOS_DEPLOYMENT_TARGET = 12.1;
				MTL_ENABLE_DEBUG_INFO = INCLUDE_SOURCE;
				MTL_FAST_MATH = YES;
				ONLY_ACTIVE_ARCH = YES;
				SDKROOT = iphoneos;
				SWIFT_ACTIVE_COMPILATION_CONDITIONS = DEBUG;
				SWIFT_OPTIMIZATION_LEVEL = "-Onone";
			};
			name = Debug;
		};
		DE2553DB21AADA1E00D9A3C7 /* Release */ = {
			isa = XCBuildConfiguration;
			buildSettings = {
				ALWAYS_SEARCH_USER_PATHS = NO;
				CLANG_ANALYZER_NONNULL = YES;
				CLANG_ANALYZER_NUMBER_OBJECT_CONVERSION = YES_AGGRESSIVE;
				CLANG_CXX_LANGUAGE_STANDARD = "gnu++14";
				CLANG_CXX_LIBRARY = "libc++";
				CLANG_ENABLE_MODULES = YES;
				CLANG_ENABLE_OBJC_ARC = YES;
				CLANG_ENABLE_OBJC_WEAK = YES;
				CLANG_WARN_BLOCK_CAPTURE_AUTORELEASING = YES;
				CLANG_WARN_BOOL_CONVERSION = YES;
				CLANG_WARN_COMMA = YES;
				CLANG_WARN_CONSTANT_CONVERSION = YES;
				CLANG_WARN_DEPRECATED_OBJC_IMPLEMENTATIONS = YES;
				CLANG_WARN_DIRECT_OBJC_ISA_USAGE = YES_ERROR;
				CLANG_WARN_DOCUMENTATION_COMMENTS = YES;
				CLANG_WARN_EMPTY_BODY = YES;
				CLANG_WARN_ENUM_CONVERSION = YES;
				CLANG_WARN_INFINITE_RECURSION = YES;
				CLANG_WARN_INT_CONVERSION = YES;
				CLANG_WARN_NON_LITERAL_NULL_CONVERSION = YES;
				CLANG_WARN_OBJC_IMPLICIT_RETAIN_SELF = YES;
				CLANG_WARN_OBJC_LITERAL_CONVERSION = YES;
				CLANG_WARN_OBJC_ROOT_CLASS = YES_ERROR;
				CLANG_WARN_RANGE_LOOP_ANALYSIS = YES;
				CLANG_WARN_STRICT_PROTOTYPES = YES;
				CLANG_WARN_SUSPICIOUS_MOVE = YES;
				CLANG_WARN_UNGUARDED_AVAILABILITY = YES_AGGRESSIVE;
				CLANG_WARN_UNREACHABLE_CODE = YES;
				CLANG_WARN__DUPLICATE_METHOD_MATCH = YES;
				CODE_SIGN_IDENTITY = "iPhone Developer";
				COPY_PHASE_STRIP = NO;
				DEBUG_INFORMATION_FORMAT = "dwarf-with-dsym";
				ENABLE_NS_ASSERTIONS = NO;
				ENABLE_STRICT_OBJC_MSGSEND = YES;
				GCC_C_LANGUAGE_STANDARD = gnu11;
				GCC_NO_COMMON_BLOCKS = YES;
				GCC_WARN_64_TO_32_BIT_CONVERSION = YES;
				GCC_WARN_ABOUT_RETURN_TYPE = YES_ERROR;
				GCC_WARN_UNDECLARED_SELECTOR = YES;
				GCC_WARN_UNINITIALIZED_AUTOS = YES_AGGRESSIVE;
				GCC_WARN_UNUSED_FUNCTION = YES;
				GCC_WARN_UNUSED_VARIABLE = YES;
				IPHONEOS_DEPLOYMENT_TARGET = 12.1;
				MTL_ENABLE_DEBUG_INFO = NO;
				MTL_FAST_MATH = YES;
				SDKROOT = iphoneos;
				SWIFT_COMPILATION_MODE = wholemodule;
				SWIFT_OPTIMIZATION_LEVEL = "-O";
				VALIDATE_PRODUCT = YES;
			};
			name = Release;
		};
		DE2553DD21AADA1E00D9A3C7 /* Debug */ = {
			isa = XCBuildConfiguration;
			baseConfigurationReference = 42436920B6730741EAACCE15 /* Pods-RxSwiftUIExample.debug.xcconfig */;
			buildSettings = {
				ASSETCATALOG_COMPILER_APPICON_NAME = AppIcon;
				CODE_SIGN_STYLE = Automatic;
				DEVELOPMENT_TEAM = S5BF5553KY;
				INFOPLIST_FILE = RxSwiftUIExample/Info.plist;
				LD_RUNPATH_SEARCH_PATHS = "$(inherited) @executable_path/Frameworks";
				PRODUCT_BUNDLE_IDENTIFIER = com.just1factory.RxSwiftUIExample;
				PRODUCT_NAME = "$(TARGET_NAME)";
				SWIFT_VERSION = 4.2;
				TARGETED_DEVICE_FAMILY = "1,2";
			};
			name = Debug;
		};
		DE2553DE21AADA1E00D9A3C7 /* Release */ = {
			isa = XCBuildConfiguration;
			baseConfigurationReference = 95C0A0936A8DBAD9CA43F14C /* Pods-RxSwiftUIExample.release.xcconfig */;
			buildSettings = {
				ASSETCATALOG_COMPILER_APPICON_NAME = AppIcon;
				CODE_SIGN_STYLE = Automatic;
				DEVELOPMENT_TEAM = S5BF5553KY;
				INFOPLIST_FILE = RxSwiftUIExample/Info.plist;
				LD_RUNPATH_SEARCH_PATHS = "$(inherited) @executable_path/Frameworks";
				PRODUCT_BUNDLE_IDENTIFIER = com.just1factory.RxSwiftUIExample;
				PRODUCT_NAME = "$(TARGET_NAME)";
				SWIFT_VERSION = 4.2;
				TARGETED_DEVICE_FAMILY = "1,2";
			};
			name = Release;
		};
		DE2553E021AADA1E00D9A3C7 /* Debug */ = {
			isa = XCBuildConfiguration;
			buildSettings = {
				ALWAYS_EMBED_SWIFT_STANDARD_LIBRARIES = YES;
				BUNDLE_LOADER = "$(TEST_HOST)";
				CODE_SIGN_STYLE = Automatic;
				DEVELOPMENT_TEAM = S5BF5553KY;
				INFOPLIST_FILE = RxSwiftUIExampleTests/Info.plist;
				LD_RUNPATH_SEARCH_PATHS = "$(inherited) @executable_path/Frameworks @loader_path/Frameworks";
				PRODUCT_BUNDLE_IDENTIFIER = com.just1factory.RxSwiftUIExampleTests;
				PRODUCT_NAME = "$(TARGET_NAME)";
				SWIFT_VERSION = 4.2;
				TARGETED_DEVICE_FAMILY = "1,2";
				TEST_HOST = "$(BUILT_PRODUCTS_DIR)/RxSwiftUIExample.app/RxSwiftUIExample";
			};
			name = Debug;
		};
		DE2553E121AADA1E00D9A3C7 /* Release */ = {
			isa = XCBuildConfiguration;
			buildSettings = {
				ALWAYS_EMBED_SWIFT_STANDARD_LIBRARIES = YES;
				BUNDLE_LOADER = "$(TEST_HOST)";
				CODE_SIGN_STYLE = Automatic;
				DEVELOPMENT_TEAM = S5BF5553KY;
				INFOPLIST_FILE = RxSwiftUIExampleTests/Info.plist;
				LD_RUNPATH_SEARCH_PATHS = "$(inherited) @executable_path/Frameworks @loader_path/Frameworks";
				PRODUCT_BUNDLE_IDENTIFIER = com.just1factory.RxSwiftUIExampleTests;
				PRODUCT_NAME = "$(TARGET_NAME)";
				SWIFT_VERSION = 4.2;
				TARGETED_DEVICE_FAMILY = "1,2";
				TEST_HOST = "$(BUILT_PRODUCTS_DIR)/RxSwiftUIExample.app/RxSwiftUIExample";
			};
			name = Release;
		};
		DE2553E321AADA1E00D9A3C7 /* Debug */ = {
			isa = XCBuildConfiguration;
			buildSettings = {
				ALWAYS_EMBED_SWIFT_STANDARD_LIBRARIES = YES;
				CODE_SIGN_STYLE = Automatic;
				DEVELOPMENT_TEAM = S5BF5553KY;
				INFOPLIST_FILE = RxSwiftUIExampleUITests/Info.plist;
				LD_RUNPATH_SEARCH_PATHS = "$(inherited) @executable_path/Frameworks @loader_path/Frameworks";
				PRODUCT_BUNDLE_IDENTIFIER = com.just1factory.RxSwiftUIExampleUITests;
				PRODUCT_NAME = "$(TARGET_NAME)";
				SWIFT_VERSION = 4.2;
				TARGETED_DEVICE_FAMILY = "1,2";
				TEST_TARGET_NAME = RxSwiftUIExample;
			};
			name = Debug;
		};
		DE2553E421AADA1E00D9A3C7 /* Release */ = {
			isa = XCBuildConfiguration;
			buildSettings = {
				ALWAYS_EMBED_SWIFT_STANDARD_LIBRARIES = YES;
				CODE_SIGN_STYLE = Automatic;
				DEVELOPMENT_TEAM = S5BF5553KY;
				INFOPLIST_FILE = RxSwiftUIExampleUITests/Info.plist;
				LD_RUNPATH_SEARCH_PATHS = "$(inherited) @executable_path/Frameworks @loader_path/Frameworks";
				PRODUCT_BUNDLE_IDENTIFIER = com.just1factory.RxSwiftUIExampleUITests;
				PRODUCT_NAME = "$(TARGET_NAME)";
				SWIFT_VERSION = 4.2;
				TARGETED_DEVICE_FAMILY = "1,2";
				TEST_TARGET_NAME = RxSwiftUIExample;
			};
			name = Release;
		};
/* End XCBuildConfiguration section */

/* Begin XCConfigurationList section */
		DE2553AF21AADA1A00D9A3C7 /* Build configuration list for PBXProject "RxSwiftUIExample" */ = {
			isa = XCConfigurationList;
			buildConfigurations = (
				DE2553DA21AADA1E00D9A3C7 /* Debug */,
				DE2553DB21AADA1E00D9A3C7 /* Release */,
			);
			defaultConfigurationIsVisible = 0;
			defaultConfigurationName = Release;
		};
		DE2553DC21AADA1E00D9A3C7 /* Build configuration list for PBXNativeTarget "RxSwiftUIExample" */ = {
			isa = XCConfigurationList;
			buildConfigurations = (
				DE2553DD21AADA1E00D9A3C7 /* Debug */,
				DE2553DE21AADA1E00D9A3C7 /* Release */,
			);
			defaultConfigurationIsVisible = 0;
			defaultConfigurationName = Release;
		};
		DE2553DF21AADA1E00D9A3C7 /* Build configuration list for PBXNativeTarget "RxSwiftUIExampleTests" */ = {
			isa = XCConfigurationList;
			buildConfigurations = (
				DE2553E021AADA1E00D9A3C7 /* Debug */,
				DE2553E121AADA1E00D9A3C7 /* Release */,
			);
			defaultConfigurationIsVisible = 0;
			defaultConfigurationName = Release;
		};
		DE2553E221AADA1E00D9A3C7 /* Build configuration list for PBXNativeTarget "RxSwiftUIExampleUITests" */ = {
			isa = XCConfigurationList;
			buildConfigurations = (
				DE2553E321AADA1E00D9A3C7 /* Debug */,
				DE2553E421AADA1E00D9A3C7 /* Release */,
			);
			defaultConfigurationIsVisible = 0;
			defaultConfigurationName = Release;
		};
/* End XCConfigurationList section */
	};
	rootObject = DE2553AC21AADA1A00D9A3C7 /* Project object */;
}
